
Microsoft Visual Studio Solution File, Format Version 12.00
# Visual Studio 15
VisualStudioVersion = 15.0.28307.852
MinimumVisualStudioVersion = 10.0.40219.1
Project("{FAE04EC0-301F-11D3-BF4B-00C04F79EFBC}") = "Lands.Android", "Lands\Lands.Android\Lands.Android.csproj", "{3DCA3257-E476-406F-9815-2B5794544802}"
EndProject
Project("{FAE04EC0-301F-11D3-BF4B-00C04F79EFBC}") = "Lands.iOS", "Lands\Lands.iOS\Lands.iOS.csproj", "{A5955F7C-FBB3-4521-855B-5E6D4DB54F32}"
EndProject
Project("{FAE04EC0-301F-11D3-BF4B-00C04F79EFBC}") = "Lands", "Lands\Lands\Lands.csproj", "{F4C0F773-43B3-46C5-BA72-80D6B251FEEB}"
EndProject
Global
	GlobalSection(SolutionConfigurationPlatforms) = preSolution
		Ad-Hoc|Any CPU = Ad-Hoc|Any CPU
		Ad-Hoc|iPhone = Ad-Hoc|iPhone
		Ad-Hoc|iPhoneSimulator = Ad-Hoc|iPhoneSimulator
		AppStore|Any CPU = AppStore|Any CPU
		AppStore|iPhone = AppStore|iPhone
		AppStore|iPhoneSimulator = AppStore|iPhoneSimulator
		Debug|Any CPU = Debug|Any CPU
		Debug|iPhone = Debug|iPhone
		Debug|iPhoneSimulator = Debug|iPhoneSimulator
		Release|Any CPU = Release|Any CPU
		Release|iPhone = Release|iPhone
		Release|iPhoneSimulator = Release|iPhoneSimulator
	EndGlobalSection
	GlobalSection(ProjectConfigurationPlatforms) = postSolution
		{3DCA3257-E476-406F-9815-2B5794544802}.Ad-Hoc|Any CPU.ActiveCfg = Release|Any CPU
		{3DCA3257-E476-406F-9815-2B5794544802}.Ad-Hoc|Any CPU.Build.0 = Release|Any CPU
		{3DCA3257-E476-406F-9815-2B5794544802}.Ad-Hoc|Any CPU.Deploy.0 = Release|Any CPU
		{3DCA3257-E476-406F-9815-2B5794544802}.Ad-Hoc|iPhone.ActiveCfg = Release|Any CPU
		{3DCA3257-E476-406F-9815-2B5794544802}.Ad-Hoc|iPhone.Build.0 = Release|Any CPU
		{3DCA3257-E476-406F-9815-2B5794544802}.Ad-Hoc|iPhone.Deploy.0 = Release|Any CPU
		{3DCA3257-E476-406F-9815-2B5794544802}.Ad-Hoc|iPhoneSimulator.ActiveCfg = Release|Any CPU
		{3DCA3257-E476-406F-9815-2B5794544802}.Ad-Hoc|iPhoneSimulator.Build.0 = Release|Any CPU
		{3DCA3257-E476-406F-9815-2B5794544802}.Ad-Hoc|iPhoneSimulator.Deploy.0 = Release|Any CPU
		{3DCA3257-E476-406F-9815-2B5794544802}.AppStore|Any CPU.ActiveCfg = Release|Any CPU
		{3DCA3257-E476-406F-9815-2B5794544802}.AppStore|Any CPU.Build.0 = Release|Any CPU
		{3DCA3257-E476-406F-9815-2B5794544802}.AppStore|Any CPU.Deploy.0 = Release|Any CPU
		{3DCA3257-E476-406F-9815-2B5794544802}.AppStore|iPhone.ActiveCfg = Release|Any CPU
		{3DCA3257-E476-406F-9815-2B5794544802}.AppStore|iPhone.Build.0 = Release|Any CPU
		{3DCA3257-E476-406F-9815-2B5794544802}.AppStore|iPhone.Deploy.0 = Release|Any CPU
		{3DCA3257-E476-406F-9815-2B5794544802}.AppStore|iPhoneSimulator.ActiveCfg = Release|Any CPU
		{3DCA3257-E476-406F-9815-2B5794544802}.AppStore|iPhoneSimulator.Build.0 = Release|Any CPU
		{3DCA3257-E476-406F-9815-2B5794544802}.AppStore|iPhoneSimulator.Deploy.0 = Release|Any CPU
		{3DCA3257-E476-406F-9815-2B5794544802}.Debug|Any CPU.ActiveCfg = Debug|Any CPU
		{3DCA3257-E476-406F-9815-2B5794544802}.Debug|Any CPU.Build.0 = Debug|Any CPU
		{3DCA3257-E476-406F-9815-2B5794544802}.Debug|Any CPU.Deploy.0 = Debug|Any CPU
		{3DCA3257-E476-406F-9815-2B5794544802}.Debug|iPhone.ActiveCfg = Debug|Any CPU
		{3DCA3257-E476-406F-9815-2B5794544802}.Debug|iPhone.Build.0 = Debug|Any CPU
		{3DCA3257-E476-406F-9815-2B5794544802}.Debug|iPhone.Deploy.0 = Debug|Any CPU
		{3DCA3257-E476-406F-9815-2B5794544802}.Debug|iPhoneSimulator.ActiveCfg = Debug|Any CPU
		{3DCA3257-E476-406F-9815-2B5794544802}.Debug|iPhoneSimulator.Build.0 = Debug|Any CPU
		{3DCA3257-E476-406F-9815-2B5794544802}.Debug|iPhoneSimulator.Deploy.0 = Debug|Any CPU
		{3DCA3257-E476-406F-9815-2B5794544802}.Release|Any CPU.ActiveCfg = Release|Any CPU
		{3DCA3257-E476-406F-9815-2B5794544802}.Release|Any CPU.Build.0 = Release|Any CPU
		{3DCA3257-E476-406F-9815-2B5794544802}.Release|Any CPU.Deploy.0 = Release|Any CPU
		{3DCA3257-E476-406F-9815-2B5794544802}.Release|iPhone.ActiveCfg = Release|Any CPU
		{3DCA3257-E476-406F-9815-2B5794544802}.Release|iPhone.Build.0 = Release|Any CPU
		{3DCA3257-E476-406F-9815-2B5794544802}.Release|iPhone.Deploy.0 = Release|Any CPU
		{3DCA3257-E476-406F-9815-2B5794544802}.Release|iPhoneSimulator.ActiveCfg = Release|Any CPU
		{3DCA3257-E476-406F-9815-2B5794544802}.Release|iPhoneSimulator.Build.0 = Release|Any CPU
		{3DCA3257-E476-406F-9815-2B5794544802}.Release|iPhoneSimulator.Deploy.0 = Release|Any CPU
		{A5955F7C-FBB3-4521-855B-5E6D4DB54F32}.Ad-Hoc|Any CPU.ActiveCfg = Ad-Hoc|iPhone
		{A5955F7C-FBB3-4521-855B-5E6D4DB54F32}.Ad-Hoc|Any CPU.Build.0 = Ad-Hoc|iPhone
		{A5955F7C-FBB3-4521-855B-5E6D4DB54F32}.Ad-Hoc|Any CPU.Deploy.0 = Ad-Hoc|iPhone
		{A5955F7C-FBB3-4521-855B-5E6D4DB54F32}.Ad-Hoc|iPhone.ActiveCfg = Ad-Hoc|iPhone
		{A5955F7C-FBB3-4521-855B-5E6D4DB54F32}.Ad-Hoc|iPhone.Build.0 = Ad-Hoc|iPhone
		{A5955F7C-FBB3-4521-855B-5E6D4DB54F32}.Ad-Hoc|iPhone.Deploy.0 = Ad-Hoc|iPhone
		{A5955F7C-FBB3-4521-855B-5E6D4DB54F32}.Ad-Hoc|iPhoneSimulator.ActiveCfg = Ad-Hoc|iPhoneSimulator
		{A5955F7C-FBB3-4521-855B-5E6D4DB54F32}.Ad-Hoc|iPhoneSimulator.Build.0 = Ad-Hoc|iPhoneSimulator
		{A5955F7C-FBB3-4521-855B-5E6D4DB54F32}.Ad-Hoc|iPhoneSimulator.Deploy.0 = Ad-Hoc|iPhoneSimulator
		{A5955F7C-FBB3-4521-855B-5E6D4DB54F32}.AppStore|Any CPU.ActiveCfg = AppStore|iPhone
		{A5955F7C-FBB3-4521-855B-5E6D4DB54F32}.AppStore|Any CPU.Build.0 = AppStore|iPhone
		{A5955F7C-FBB3-4521-855B-5E6D4DB54F32}.AppStore|Any CPU.Deploy.0 = AppStore|iPhone
		{A5955F7C-FBB3-4521-855B-5E6D4DB54F32}.AppStore|iPhone.ActiveCfg = AppStore|iPhone
		{A5955F7C-FBB3-4521-855B-5E6D4DB54F32}.AppStore|iPhone.Build.0 = AppStore|iPhone
		{A5955F7C-FBB3-4521-855B-5E6D4DB54F32}.AppStore|iPhone.Deploy.0 = AppStore|iPhone
		{A5955F7C-FBB3-4521-855B-5E6D4DB54F32}.AppStore|iPhoneSimulator.ActiveCfg = AppStore|iPhoneSimulator
		{A5955F7C-FBB3-4521-855B-5E6D4DB54F32}.AppStore|iPhoneSimulator.Build.0 = AppStore|iPhoneSimulator
		{A5955F7C-FBB3-4521-855B-5E6D4DB54F32}.AppStore|iPhoneSimulator.Deploy.0 = AppStore|iPhoneSimulator
		{A5955F7C-FBB3-4521-855B-5E6D4DB54F32}.Debug|Any CPU.ActiveCfg = Debug|iPhoneSimulator
		{A5955F7C-FBB3-4521-855B-5E6D4DB54F32}.Debug|Any CPU.Build.0 = Debug|iPhoneSimulator
		{A5955F7C-FBB3-4521-855B-5E6D4DB54F32}.Debug|Any CPU.Deploy.0 = Debug|iPhoneSimulator
		{A5955F7C-FBB3-4521-855B-5E6D4DB54F32}.Debug|iPhone.ActiveCfg = Debug|iPhone
		{A5955F7C-FBB3-4521-855B-5E6D4DB54F32}.Debug|iPhone.Build.0 = Debug|iPhone
		{A5955F7C-FBB3-4521-855B-5E6D4DB54F32}.Debug|iPhone.Deploy.0 = Debug|iPhone
		{A5955F7C-FBB3-4521-855B-5E6D4DB54F32}.Debug|iPhoneSimulator.ActiveCfg = Debug|iPhoneSimulator
		{A5955F7C-FBB3-4521-855B-5E6D4DB54F32}.Debug|iPhoneSimulator.Build.0 = Debug|iPhoneSimulator
		{A5955F7C-FBB3-4521-855B-5E6D4DB54F32}.Debug|iPhoneSimulator.Deploy.0 = Debug|iPhoneSimulator
		{A5955F7C-FBB3-4521-855B-5E6D4DB54F32}.Release|Any CPU.ActiveCfg = Release|iPhone
		{A5955F7C-FBB3-4521-855B-5E6D4DB54F32}.Release|Any CPU.Build.0 = Release|iPhone
		{A5955F7C-FBB3-4521-855B-5E6D4DB54F32}.Release|Any CPU.Deploy.0 = Release|iPhone
		{A5955F7C-FBB3-4521-855B-5E6D4DB54F32}.Release|iPhone.ActiveCfg = Release|iPhone
		{A5955F7C-FBB3-4521-855B-5E6D4DB54F32}.Release|iPhone.Build.0 = Release|iPhone
		{A5955F7C-FBB3-4521-855B-5E6D4DB54F32}.Release|iPhone.Deploy.0 = Release|iPhone
		{A5955F7C-FBB3-4521-855B-5E6D4DB54F32}.Release|iPhoneSimulator.ActiveCfg = Release|iPhoneSimulator
		{A5955F7C-FBB3-4521-855B-5E6D4DB54F32}.Release|iPhoneSimulator.Build.0 = Release|iPhoneSimulator
		{A5955F7C-FBB3-4521-855B-5E6D4DB54F32}.Release|iPhoneSimulator.Deploy.0 = Release|iPhoneSimulator
		{F4C0F773-43B3-46C5-BA72-80D6B251FEEB}.Ad-Hoc|Any CPU.ActiveCfg = Debug|Any CPU
		{F4C0F773-43B3-46C5-BA72-80D6B251FEEB}.Ad-Hoc|Any CPU.Build.0 = Debug|Any CPU
		{F4C0F773-43B3-46C5-BA72-80D6B251FEEB}.Ad-Hoc|Any CPU.Deploy.0 = Debug|Any CPU
		{F4C0F773-43B3-46C5-BA72-80D6B251FEEB}.Ad-Hoc|iPhone.ActiveCfg = Debug|Any CPU
		{F4C0F773-43B3-46C5-BA72-80D6B251FEEB}.Ad-Hoc|iPhone.Build.0 = Debug|Any CPU
		{F4C0F773-43B3-46C5-BA72-80D6B251FEEB}.Ad-Hoc|iPhone.Deploy.0 = Debug|Any CPU
		{F4C0F773-43B3-46C5-BA72-80D6B251FEEB}.Ad-Hoc|iPhoneSimulator.ActiveCfg = Debug|Any CPU
		{F4C0F773-43B3-46C5-BA72-80D6B251FEEB}.Ad-Hoc|iPhoneSimulator.Build.0 = Debug|Any CPU
		{F4C0F773-43B3-46C5-BA72-80D6B251FEEB}.Ad-Hoc|iPhoneSimulator.Deploy.0 = Debug|Any CPU
		{F4C0F773-43B3-46C5-BA72-80D6B251FEEB}.AppStore|Any CPU.ActiveCfg = Debug|Any CPU
		{F4C0F773-43B3-46C5-BA72-80D6B251FEEB}.AppStore|Any CPU.Build.0 = Debug|Any CPU
		{F4C0F773-43B3-46C5-BA72-80D6B251FEEB}.AppStore|Any CPU.Deploy.0 = Debug|Any CPU
		{F4C0F773-43B3-46C5-BA72-80D6B251FEEB}.AppStore|iPhone.ActiveCfg = Debug|Any CPU
		{F4C0F773-43B3-46C5-BA72-80D6B251FEEB}.AppStore|iPhone.Build.0 = Debug|Any CPU
		{F4C0F773-43B3-46C5-BA72-80D6B251FEEB}.AppStore|iPhone.Deploy.0 = Debug|Any CPU
		{F4C0F773-43B3-46C5-BA72-80D6B251FEEB}.AppStore|iPhoneSimulator.ActiveCfg = Debug|Any CPU
		{F4C0F773-43B3-46C5-BA72-80D6B251FEEB}.AppStore|iPhoneSimulator.Build.0 = Debug|Any CPU
		{F4C0F773-43B3-46C5-BA72-80D6B251FEEB}.AppStore|iPhoneSimulator.Deploy.0 = Debug|Any CPU
		{F4C0F773-43B3-46C5-BA72-80D6B251FEEB}.Debug|Any CPU.ActiveCfg = Debug|Any CPU
		{F4C0F773-43B3-46C5-BA72-80D6B251FEEB}.Debug|Any CPU.Build.0 = Debug|Any CPU
		{F4C0F773-43B3-46C5-BA72-80D6B251FEEB}.Debug|Any CPU.Deploy.0 = Debug|Any CPU
		{F4C0F773-43B3-46C5-BA72-80D6B251FEEB}.Debug|iPhone.ActiveCfg = Debug|Any CPU
		{F4C0F773-43B3-46C5-BA72-80D6B251FEEB}.Debug|iPhone.Build.0 = Debug|Any CPU
		{F4C0F773-43B3-46C5-BA72-80D6B251FEEB}.Debug|iPhone.Deploy.0 = Debug|Any CPU
		{F4C0F773-43B3-46C5-BA72-80D6B251FEEB}.Debug|iPhoneSimulator.ActiveCfg = Debug|Any CPU
		{F4C0F773-43B3-46C5-BA72-80D6B251FEEB}.Debug|iPhoneSimulator.Build.0 = Debug|Any CPU
		{F4C0F773-43B3-46C5-BA72-80D6B251FEEB}.Debug|iPhoneSimulator.Deploy.0 = Debug|Any CPU
		{F4C0F773-43B3-46C5-BA72-80D6B251FEEB}.Release|Any CPU.ActiveCfg = Release|Any CPU
		{F4C0F773-43B3-46C5-BA72-80D6B251FEEB}.Release|Any CPU.Build.0 = Release|Any CPU
		{F4C0F773-43B3-46C5-BA72-80D6B251FEEB}.Release|Any CPU.Deploy.0 = Release|Any CPU
		{F4C0F773-43B3-46C5-BA72-80D6B251FEEB}.Release|iPhone.ActiveCfg = Release|Any CPU
		{F4C0F773-43B3-46C5-BA72-80D6B251FEEB}.Release|iPhone.Build.0 = Release|Any CPU
		{F4C0F773-43B3-46C5-BA72-80D6B251FEEB}.Release|iPhone.Deploy.0 = Release|Any CPU
		{F4C0F773-43B3-46C5-BA72-80D6B251FEEB}.Release|iPhoneSimulator.ActiveCfg = Release|Any CPU
		{F4C0F773-43B3-46C5-BA72-80D6B251FEEB}.Release|iPhoneSimulator.Build.0 = Release|Any CPU
		{F4C0F773-43B3-46C5-BA72-80D6B251FEEB}.Release|iPhoneSimulator.Deploy.0 = Release|Any CPU
	EndGlobalSection
	GlobalSection(SolutionProperties) = preSolution
		HideSolutionNode = FALSE
	EndGlobalSection
	GlobalSection(ExtensibilityGlobals) = postSolution
		SolutionGuid = {03CF70F4-52F3-41F9-8019-2B476ABDA004}
	EndGlobalSection
EndGlobal
